
Microsoft Visual Studio Solution File, Format Version 12.00
# Visual Studio Version 17
VisualStudioVersion = 17.2.32317.152
MinimumVisualStudioVersion = 10.0.40219.1
Project("{FAE04EC0-301F-11D3-BF4B-00C04F79EFBC}") = "DataTableUsingJQueryDemo", "DataTableUsingJQueryDemo\DataTableUsingJQueryDemo.csproj", "{CF1CEF45-BFF7-45CE-B259-D51CB4E49417}"
EndProject
Global
	GlobalSection(SolutionConfigurationPlatforms) = preSolution
		Debug|Any CPU = Debug|Any CPU
		Release|Any CPU = Release|Any CPU
	EndGlobalSection
	GlobalSection(ProjectConfigurationPlatforms) = postSolution
		{CF1CEF45-BFF7-45CE-B259-D51CB4E49417}.Debug|Any CPU.ActiveCfg = Debug|Any CPU
		{CF1CEF45-BFF7-45CE-B259-D51CB4E49417}.Debug|Any CPU.Build.0 = Debug|Any CPU
		{CF1CEF45-BFF7-45CE-B259-D51CB4E49417}.Release|Any CPU.ActiveCfg = Release|Any CPU
		{CF1CEF45-BFF7-45CE-B259-D51CB4E49417}.Release|Any CPU.Build.0 = Release|Any CPU
	EndGlobalSection
	GlobalSection(SolutionProperties) = preSolution
		HideSolutionNode = FALSE
	EndGlobalSection
	GlobalSection(ExtensibilityGlobals) = postSolution
		SolutionGuid = {320D7E48-AACE-4BAF-8E58-E57A3CC61672}
	EndGlobalSection
EndGlobal
